# generated by rye
# use `rye lock` or `rye sync` to update this lockfile
#
# last locked with the following flags:
#   pre: false
#   features: []
#   all-features: false
#   with-sources: false

-e file:.
beautifulsoup4==4.12.3
    # via s3splus
certifi==2024.2.2
    # via requests
charset-normalizer==3.3.2
    # via requests
idna==3.7
    # via requests
msgpack-python==0.5.6
    # via s3splus
numpy==1.26.4
    # via opencv-python
opencv-python==4.9.0.80
    # via s3splus
packaging==24.0
    # via pytesseract
    # via s3splus
pillow==10.3.0
    # via pytesseract
    # via s3splus
pytesseract==0.3.10
    # via s3splus
requests==2.31.0
    # via s3splus
soupsieve==2.5
    # via beautifulsoup4
urllib3==2.2.1
    # via requests
