# THIS IS AN AUTOGENERATED FILE. DO NOT EDIT THIS FILE DIRECTLY.
# yarn lockfile v1


clsx@^1.2.1:
  version "1.2.1"
  resolved "https://registry.yarnpkg.com/clsx/-/clsx-1.2.1.tgz#0ddc4a20a549b59c93a4116bb26f5294ca17dc12"
  integrity sha512-EcR6r5a8bj6pu3ycsa/E/cKVGuTgZJZdsyUYHOksG/UHIiKfjxzRxYJpyVBwYaQeOvghal9fcc4PidlgzugAQg==

react-image-crop@^10.0.9:
  version "10.0.9"
  resolved "https://registry.yarnpkg.com/react-image-crop/-/react-image-crop-10.0.9.tgz#94c65833d4e8ed16fe645227ff26915bba177359"
  integrity sha512-fqn6a811cx/sE7jtu8txL4lBTwgZYuEVNvy7UPKMNMWeRcZa6v0ja11+Gd9nZQiBfaxDal3PBcKhGBLQ956UNg==
  dependencies:
    clsx "^1.2.1"
